
Microsoft Visual Studio Solution File, Format Version 12.00
# Visual Studio Version 17
VisualStudioVersion = 17.5.002.0
MinimumVisualStudioVersion = 10.0.40219.1
Project("{9A19103F-16F7-4668-BE54-9A1E7A4F7556}") = "AuthService", "AuthService.csproj", "{FAC218AC-0760-4163-B5A5-DAA431FAE7FF}"
EndProject
Global
	GlobalSection(SolutionConfigurationPlatforms) = preSolution
		Debug|Any CPU = Debug|Any CPU
		Release|Any CPU = Release|Any CPU
	EndGlobalSection
	GlobalSection(ProjectConfigurationPlatforms) = postSolution
		{FAC218AC-0760-4163-B5A5-DAA431FAE7FF}.Debug|Any CPU.ActiveCfg = Debug|Any CPU
		{FAC218AC-0760-4163-B5A5-DAA431FAE7FF}.Debug|Any CPU.Build.0 = Debug|Any CPU
		{FAC218AC-0760-4163-B5A5-DAA431FAE7FF}.Release|Any CPU.ActiveCfg = Release|Any CPU
		{FAC218AC-0760-4163-B5A5-DAA431FAE7FF}.Release|Any CPU.Build.0 = Release|Any CPU
	EndGlobalSection
	GlobalSection(SolutionProperties) = preSolution
		HideSolutionNode = FALSE
	EndGlobalSection
	GlobalSection(ExtensibilityGlobals) = postSolution
		SolutionGuid = {AB3383BE-F346-44C9-9BBD-DFA97ABBF558}
	EndGlobalSection
EndGlobal
